
Microsoft Visual Studio Solution File, Format Version 12.00
# Visual Studio Version 16
VisualStudioVersion = 16.0.29306.81
MinimumVisualStudioVersion = 10.0.40219.1
Project("{FAE04EC0-301F-11D3-BF4B-00C04F79EFBC}") = "DogGroomingApiF", "DogGroomingApiF\DogGroomingApiF.csproj", "{B43F1714-8E94-4707-AD03-4F7BB6814D20}"
EndProject
Global
	GlobalSection(SolutionConfigurationPlatforms) = preSolution
		Debug|Any CPU = Debug|Any CPU
		Release|Any CPU = Release|Any CPU
	EndGlobalSection
	GlobalSection(ProjectConfigurationPlatforms) = postSolution
		{B43F1714-8E94-4707-AD03-4F7BB6814D20}.Debug|Any CPU.ActiveCfg = Debug|Any CPU
		{B43F1714-8E94-4707-AD03-4F7BB6814D20}.Debug|Any CPU.Build.0 = Debug|Any CPU
		{B43F1714-8E94-4707-AD03-4F7BB6814D20}.Release|Any CPU.ActiveCfg = Release|Any CPU
		{B43F1714-8E94-4707-AD03-4F7BB6814D20}.Release|Any CPU.Build.0 = Release|Any CPU
	EndGlobalSection
	GlobalSection(SolutionProperties) = preSolution
		HideSolutionNode = FALSE
	EndGlobalSection
	GlobalSection(ExtensibilityGlobals) = postSolution
		SolutionGuid = {4977E9F6-C4CB-465A-B2EB-6892E129B4C6}
	EndGlobalSection
EndGlobal
